
Microsoft Visual Studio Solution File, Format Version 12.00
# Visual Studio Version 16
VisualStudioVersion = 16.0.30611.23
MinimumVisualStudioVersion = 10.0.40219.1
Project("{FAE04EC0-301F-11D3-BF4B-00C04F79EFBC}") = "EditFFTData", "EditFFTData\EditFFTData.csproj", "{D3895A2B-D430-4827-A18D-BEBF6CF20FE2}"
EndProject
Global
	GlobalSection(SolutionConfigurationPlatforms) = preSolution
		Debug|Any CPU = Debug|Any CPU
		Release|Any CPU = Release|Any CPU
	EndGlobalSection
	GlobalSection(ProjectConfigurationPlatforms) = postSolution
		{D3895A2B-D430-4827-A18D-BEBF6CF20FE2}.Debug|Any CPU.ActiveCfg = Debug|Any CPU
		{D3895A2B-D430-4827-A18D-BEBF6CF20FE2}.Debug|Any CPU.Build.0 = Debug|Any CPU
		{D3895A2B-D430-4827-A18D-BEBF6CF20FE2}.Release|Any CPU.ActiveCfg = Release|Any CPU
		{D3895A2B-D430-4827-A18D-BEBF6CF20FE2}.Release|Any CPU.Build.0 = Release|Any CPU
	EndGlobalSection
	GlobalSection(SolutionProperties) = preSolution
		HideSolutionNode = FALSE
	EndGlobalSection
	GlobalSection(ExtensibilityGlobals) = postSolution
		SolutionGuid = {253A0CD5-A594-4B15-B66B-CDF67B2A5A39}
	EndGlobalSection
EndGlobal
